
Microsoft Visual Studio Solution File, Format Version 12.00
# Visual Studio Version 17
VisualStudioVersion = 17.3.32929.385
MinimumVisualStudioVersion = 10.0.40219.1
Project("{8BC9CEB8-8B4A-11D0-8D11-00A0C91BC942}") = "lab2", "lab2\lab2.vcxproj", "{98F19056-B2AD-4241-A914-4135561F51FE}"
EndProject
Global
	GlobalSection(SolutionConfigurationPlatforms) = preSolution
		Debug|x64 = Debug|x64
		Debug|x86 = Debug|x86
		Release|x64 = Release|x64
		Release|x86 = Release|x86
	EndGlobalSection
	GlobalSection(ProjectConfigurationPlatforms) = postSolution
		{98F19056-B2AD-4241-A914-4135561F51FE}.Debug|x64.ActiveCfg = Debug|x64
		{98F19056-B2AD-4241-A914-4135561F51FE}.Debug|x64.Build.0 = Debug|x64
		{98F19056-B2AD-4241-A914-4135561F51FE}.Debug|x86.ActiveCfg = Debug|Win32
		{98F19056-B2AD-4241-A914-4135561F51FE}.Debug|x86.Build.0 = Debug|Win32
		{98F19056-B2AD-4241-A914-4135561F51FE}.Release|x64.ActiveCfg = Release|x64
		{98F19056-B2AD-4241-A914-4135561F51FE}.Release|x64.Build.0 = Release|x64
		{98F19056-B2AD-4241-A914-4135561F51FE}.Release|x86.ActiveCfg = Release|Win32
		{98F19056-B2AD-4241-A914-4135561F51FE}.Release|x86.Build.0 = Release|Win32
	EndGlobalSection
	GlobalSection(SolutionProperties) = preSolution
		HideSolutionNode = FALSE
	EndGlobalSection
	GlobalSection(ExtensibilityGlobals) = postSolution
		SolutionGuid = {22446874-D591-496D-AF5A-02B492C20204}
	EndGlobalSection
EndGlobal
